
Microsoft Visual Studio Solution File, Format Version 12.00
# Visual Studio Version 17
VisualStudioVersion = 17.7.34009.444
MinimumVisualStudioVersion = 10.0.40219.1
Project("{9A19103F-16F7-4668-BE54-9A1E7A4F7556}") = "SistemaGestionUI", "SistemaGestionUI.csproj", "{0AF17579-9DD1-4F33-83FF-C76266552A3E}"
EndProject
Project("{9A19103F-16F7-4668-BE54-9A1E7A4F7556}") = "SistemaGestionData", "..\SistemaGestionData\SistemaGestionData.csproj", "{1AFD642F-051A-4A9F-A4B1-16B741622A40}"
EndProject
Project("{9A19103F-16F7-4668-BE54-9A1E7A4F7556}") = "SistemaGestionEntities", "..\SistemaGestionEntities\SistemaGestionEntities.csproj", "{63217F75-54A7-4B13-8CF6-B68B943BC594}"
EndProject
Project("{9A19103F-16F7-4668-BE54-9A1E7A4F7556}") = "SistemaGestionBusiness", "..\SistemaGestionBussiness\SistemaGestionBusiness.csproj", "{6C251F9E-9CE3-49C7-BA08-B7565852AD4E}"
EndProject
Project("{FAE04EC0-301F-11D3-BF4B-00C04F79EFBC}") = "SistemaGestionAPI", "..\SistemaGestionAPI\SistemaGestionAPI.csproj", "{3C322E99-BB79-4CD5-8C10-D3C79EBC7C63}"
EndProject
Global
	GlobalSection(SolutionConfigurationPlatforms) = preSolution
		Debug|Any CPU = Debug|Any CPU
		Release|Any CPU = Release|Any CPU
	EndGlobalSection
	GlobalSection(ProjectConfigurationPlatforms) = postSolution
		{0AF17579-9DD1-4F33-83FF-C76266552A3E}.Debug|Any CPU.ActiveCfg = Debug|Any CPU
		{0AF17579-9DD1-4F33-83FF-C76266552A3E}.Debug|Any CPU.Build.0 = Debug|Any CPU
		{0AF17579-9DD1-4F33-83FF-C76266552A3E}.Release|Any CPU.ActiveCfg = Release|Any CPU
		{0AF17579-9DD1-4F33-83FF-C76266552A3E}.Release|Any CPU.Build.0 = Release|Any CPU
		{1AFD642F-051A-4A9F-A4B1-16B741622A40}.Debug|Any CPU.ActiveCfg = Debug|Any CPU
		{1AFD642F-051A-4A9F-A4B1-16B741622A40}.Debug|Any CPU.Build.0 = Debug|Any CPU
		{1AFD642F-051A-4A9F-A4B1-16B741622A40}.Release|Any CPU.ActiveCfg = Release|Any CPU
		{1AFD642F-051A-4A9F-A4B1-16B741622A40}.Release|Any CPU.Build.0 = Release|Any CPU
		{63217F75-54A7-4B13-8CF6-B68B943BC594}.Debug|Any CPU.ActiveCfg = Debug|Any CPU
		{63217F75-54A7-4B13-8CF6-B68B943BC594}.Debug|Any CPU.Build.0 = Debug|Any CPU
		{63217F75-54A7-4B13-8CF6-B68B943BC594}.Release|Any CPU.ActiveCfg = Release|Any CPU
		{63217F75-54A7-4B13-8CF6-B68B943BC594}.Release|Any CPU.Build.0 = Release|Any CPU
		{6C251F9E-9CE3-49C7-BA08-B7565852AD4E}.Debug|Any CPU.ActiveCfg = Debug|Any CPU
		{6C251F9E-9CE3-49C7-BA08-B7565852AD4E}.Debug|Any CPU.Build.0 = Debug|Any CPU
		{6C251F9E-9CE3-49C7-BA08-B7565852AD4E}.Release|Any CPU.ActiveCfg = Release|Any CPU
		{6C251F9E-9CE3-49C7-BA08-B7565852AD4E}.Release|Any CPU.Build.0 = Release|Any CPU
		{3C322E99-BB79-4CD5-8C10-D3C79EBC7C63}.Debug|Any CPU.ActiveCfg = Debug|Any CPU
		{3C322E99-BB79-4CD5-8C10-D3C79EBC7C63}.Debug|Any CPU.Build.0 = Debug|Any CPU
		{3C322E99-BB79-4CD5-8C10-D3C79EBC7C63}.Release|Any CPU.ActiveCfg = Release|Any CPU
		{3C322E99-BB79-4CD5-8C10-D3C79EBC7C63}.Release|Any CPU.Build.0 = Release|Any CPU
	EndGlobalSection
	GlobalSection(SolutionProperties) = preSolution
		HideSolutionNode = FALSE
	EndGlobalSection
	GlobalSection(ExtensibilityGlobals) = postSolution
		SolutionGuid = {15EC17BF-7801-440A-A2D1-5E69D0D590EA}
	EndGlobalSection
EndGlobal
